// !$*UTF8*$!
{
	archiveVersion = 1;
	classes = {
	};
	objectVersion = 56;
	objects = {

/* Begin PBXBuildFile section */
		DD915CEB2E66CD8900EDCC91 /* MiniDungeonApp.swift in Sources */ = {isa = PBXBuildFile; fileRef = DD915CEA2E66CD8900EDCC91 /* MiniDungeonApp.swift */; };
		DD915CED2E66CD8900EDCC91 /* MainView.swift in Sources */ = {isa = PBXBuildFile; fileRef = DD915CEC2E66CD8900EDCC91 /* MainView.swift */; };
		DD915CEF2E66CD9000EDCC91 /* Assets.xcassets in Resources */ = {isa = PBXBuildFile; fileRef = DD915CEE2E66CD9000EDCC91 /* Assets.xcassets */; };
		DD915CF22E66CD9000EDCC91 /* Preview Assets.xcassets in Resources */ = {isa = PBXBuildFile; fileRef = DD915CF12E66CD9000EDCC91 /* Preview Assets.xcassets */; };
		DD915CFD2E66D61D00EDCC91 /* MainViewModel.swift in Sources */ = {isa = PBXBuildFile; fileRef = DD915CFC2E66D61D00EDCC91 /* MainViewModel.swift */; };
		DD915CFF2E66D65600EDCC91 /* GameState.swift in Sources */ = {isa = PBXBuildFile; fileRef = DD915CFE2E66D65600EDCC91 /* GameState.swift */; };
		DD915D012E66D6BC00EDCC91 /* GameScreen.swift in Sources */ = {isa = PBXBuildFile; fileRef = DD915D002E66D6BC00EDCC91 /* GameScreen.swift */; };
		DD915D052E672F2C00EDCC91 /* DungeonGenerator.swift in Sources */ = {isa = PBXBuildFile; fileRef = DD915D042E672F2C00EDCC91 /* DungeonGenerator.swift */; };
		DD915D072E672F5500EDCC91 /* DungeonScheme.swift in Sources */ = {isa = PBXBuildFile; fileRef = DD915D062E672F5500EDCC91 /* DungeonScheme.swift */; };
		DD915D092E672FB400EDCC91 /* Tile.swift in Sources */ = {isa = PBXBuildFile; fileRef = DD915D082E672FB400EDCC91 /* Tile.swift */; };
		DD915D0B2E672FE000EDCC91 /* TileType.swift in Sources */ = {isa = PBXBuildFile; fileRef = DD915D0A2E672FE000EDCC91 /* TileType.swift */; };
		DD915D0D2E672FF900EDCC91 /* EventType.swift in Sources */ = {isa = PBXBuildFile; fileRef = DD915D0C2E672FF900EDCC91 /* EventType.swift */; };
		DD915D112E673F0D00EDCC91 /* TileView.swift in Sources */ = {isa = PBXBuildFile; fileRef = DD915D102E673F0D00EDCC91 /* TileView.swift */; };
		DD915D132E6741F700EDCC91 /* Hero.swift in Sources */ = {isa = PBXBuildFile; fileRef = DD915D122E6741F700EDCC91 /* Hero.swift */; };
		DD915D152E67436600EDCC91 /* Enemy.swift in Sources */ = {isa = PBXBuildFile; fileRef = DD915D142E67436600EDCC91 /* Enemy.swift */; };
/* End PBXBuildFile section */

/* Begin PBXFileReference section */
		DD915CE72E66CD8900EDCC91 /* MiniDungeon.app */ = {isa = PBXFileReference; explicitFileType = wrapper.application; includeInIndex = 0; path = MiniDungeon.app; sourceTree = BUILT_PRODUCTS_DIR; };
		DD915CEA2E66CD8900EDCC91 /* MiniDungeonApp.swift */ = {isa = PBXFileReference; lastKnownFileType = sourcecode.swift; path = MiniDungeonApp.swift; sourceTree = "<group>"; };
		DD915CEC2E66CD8900EDCC91 /* MainView.swift */ = {isa = PBXFileReference; lastKnownFileType = sourcecode.swift; path = MainView.swift; sourceTree = "<group>"; };
		DD915CEE2E66CD9000EDCC91 /* Assets.xcassets */ = {isa = PBXFileReference; lastKnownFileType = folder.assetcatalog; path = Assets.xcassets; sourceTree = "<group>"; };
		DD915CF12E66CD9000EDCC91 /* Preview Assets.xcassets */ = {isa = PBXFileReference; lastKnownFileType = folder.assetcatalog; path = "Preview Assets.xcassets"; sourceTree = "<group>"; };
		DD915CFC2E66D61D00EDCC91 /* MainViewModel.swift */ = {isa = PBXFileReference; lastKnownFileType = sourcecode.swift; path = MainViewModel.swift; sourceTree = "<group>"; };
		DD915CFE2E66D65600EDCC91 /* GameState.swift */ = {isa = PBXFileReference; lastKnownFileType = sourcecode.swift; path = GameState.swift; sourceTree = "<group>"; };
		DD915D002E66D6BC00EDCC91 /* GameScreen.swift */ = {isa = PBXFileReference; lastKnownFileType = sourcecode.swift; path = GameScreen.swift; sourceTree = "<group>"; };
		DD915D042E672F2C00EDCC91 /* DungeonGenerator.swift */ = {isa = PBXFileReference; lastKnownFileType = sourcecode.swift; path = DungeonGenerator.swift; sourceTree = "<group>"; };
		DD915D062E672F5500EDCC91 /* DungeonScheme.swift */ = {isa = PBXFileReference; lastKnownFileType = sourcecode.swift; path = DungeonScheme.swift; sourceTree = "<group>"; };
		DD915D082E672FB400EDCC91 /* Tile.swift */ = {isa = PBXFileReference; lastKnownFileType = sourcecode.swift; path = Tile.swift; sourceTree = "<group>"; };
		DD915D0A2E672FE000EDCC91 /* TileType.swift */ = {isa = PBXFileReference; lastKnownFileType = sourcecode.swift; path = TileType.swift; sourceTree = "<group>"; };
		DD915D0C2E672FF900EDCC91 /* EventType.swift */ = {isa = PBXFileReference; lastKnownFileType = sourcecode.swift; path = EventType.swift; sourceTree = "<group>"; };
		DD915D102E673F0D00EDCC91 /* TileView.swift */ = {isa = PBXFileReference; lastKnownFileType = sourcecode.swift; path = TileView.swift; sourceTree = "<group>"; };
		DD915D122E6741F700EDCC91 /* Hero.swift */ = {isa = PBXFileReference; lastKnownFileType = sourcecode.swift; path = Hero.swift; sourceTree = "<group>"; };
		DD915D142E67436600EDCC91 /* Enemy.swift */ = {isa = PBXFileReference; lastKnownFileType = sourcecode.swift; path = Enemy.swift; sourceTree = "<group>"; };
		DD915D162E674DFB00EDCC91 /* Plan */ = {isa = PBXFileReference; lastKnownFileType = text; path = Plan; sourceTree = "<group>"; };
/* End PBXFileReference section */

/* Begin PBXFrameworksBuildPhase section */
		DD915CE42E66CD8900EDCC91 /* Frameworks */ = {
			isa = PBXFrameworksBuildPhase;
			buildActionMask = 2147483647;
			files = (
			);
			runOnlyForDeploymentPostprocessing = 0;
		};
/* End PBXFrameworksBuildPhase section */

/* Begin PBXGroup section */
		DD915CDE2E66CD8900EDCC91 = {
			isa = PBXGroup;
			children = (
				DD915CE92E66CD8900EDCC91 /* MiniDungeon */,
				DD915CE82E66CD8900EDCC91 /* Products */,
			);
			sourceTree = "<group>";
		};
		DD915CE82E66CD8900EDCC91 /* Products */ = {
			isa = PBXGroup;
			children = (
				DD915CE72E66CD8900EDCC91 /* MiniDungeon.app */,
			);
			name = Products;
			sourceTree = "<group>";
		};
		DD915CE92E66CD8900EDCC91 /* MiniDungeon */ = {
			isa = PBXGroup;
			children = (
				DD915D162E674DFB00EDCC91 /* Plan */,
				DD915CEA2E66CD8900EDCC91 /* MiniDungeonApp.swift */,
				DD915CFB2E66D60B00EDCC91 /* Managers */,
				DD915CF82E66D5E400EDCC91 /* Model */,
				DD915CFA2E66D5FD00EDCC91 /* ViewModel */,
				DD915CF92E66D5F100EDCC91 /* View */,
				DD915CEE2E66CD9000EDCC91 /* Assets.xcassets */,
				DD915CF02E66CD9000EDCC91 /* Preview Content */,
			);
			path = MiniDungeon;
			sourceTree = "<group>";
		};
		DD915CF02E66CD9000EDCC91 /* Preview Content */ = {
			isa = PBXGroup;
			children = (
				DD915CF12E66CD9000EDCC91 /* Preview Assets.xcassets */,
			);
			path = "Preview Content";
			sourceTree = "<group>";
		};
		DD915CF82E66D5E400EDCC91 /* Model */ = {
			isa = PBXGroup;
			children = (
				DD915D002E66D6BC00EDCC91 /* GameScreen.swift */,
				DD915CFE2E66D65600EDCC91 /* GameState.swift */,
				DD915D062E672F5500EDCC91 /* DungeonScheme.swift */,
				DD915D082E672FB400EDCC91 /* Tile.swift */,
				DD915D0A2E672FE000EDCC91 /* TileType.swift */,
				DD915D0C2E672FF900EDCC91 /* EventType.swift */,
				DD915D122E6741F700EDCC91 /* Hero.swift */,
				DD915D142E67436600EDCC91 /* Enemy.swift */,
			);
			path = Model;
			sourceTree = "<group>";
		};
		DD915CF92E66D5F100EDCC91 /* View */ = {
			isa = PBXGroup;
			children = (
				DD915CEC2E66CD8900EDCC91 /* MainView.swift */,
				DD915D102E673F0D00EDCC91 /* TileView.swift */,
			);
			path = View;
			sourceTree = "<group>";
		};
		DD915CFA2E66D5FD00EDCC91 /* ViewModel */ = {
			isa = PBXGroup;
			children = (
				DD915CFC2E66D61D00EDCC91 /* MainViewModel.swift */,
			);
			path = ViewModel;
			sourceTree = "<group>";
		};
		DD915CFB2E66D60B00EDCC91 /* Managers */ = {
			isa = PBXGroup;
			children = (
				DD915D042E672F2C00EDCC91 /* DungeonGenerator.swift */,
			);
			path = Managers;
			sourceTree = "<group>";
		};
/* End PBXGroup section */

/* Begin PBXNativeTarget section */
		DD915CE62E66CD8900EDCC91 /* MiniDungeon */ = {
			isa = PBXNativeTarget;
			buildConfigurationList = DD915CF52E66CD9000EDCC91 /* Build configuration list for PBXNativeTarget "MiniDungeon" */;
			buildPhases = (
				DD915CE32E66CD8900EDCC91 /* Sources */,
				DD915CE42E66CD8900EDCC91 /* Frameworks */,
				DD915CE52E66CD8900EDCC91 /* Resources */,
			);
			buildRules = (
			);
			dependencies = (
			);
			name = MiniDungeon;
			productName = MiniDungeon;
			productReference = DD915CE72E66CD8900EDCC91 /* MiniDungeon.app */;
			productType = "com.apple.product-type.application";
		};
/* End PBXNativeTarget section */

/* Begin PBXProject section */
		DD915CDF2E66CD8900EDCC91 /* Project object */ = {
			isa = PBXProject;
			attributes = {
				BuildIndependentTargetsInParallel = 1;
				LastSwiftUpdateCheck = 1540;
				LastUpgradeCheck = 1540;
				TargetAttributes = {
					DD915CE62E66CD8900EDCC91 = {
						CreatedOnToolsVersion = 15.4;
					};
				};
			};
			buildConfigurationList = DD915CE22E66CD8900EDCC91 /* Build configuration list for PBXProject "MiniDungeon" */;
			compatibilityVersion = "Xcode 14.0";
			developmentRegion = en;
			hasScannedForEncodings = 0;
			knownRegions = (
				en,
				Base,
			);
			mainGroup = DD915CDE2E66CD8900EDCC91;
			productRefGroup = DD915CE82E66CD8900EDCC91 /* Products */;
			projectDirPath = "";
			projectRoot = "";
			targets = (
				DD915CE62E66CD8900EDCC91 /* MiniDungeon */,
			);
		};
/* End PBXProject section */

/* Begin PBXResourcesBuildPhase section */
		DD915CE52E66CD8900EDCC91 /* Resources */ = {
			isa = PBXResourcesBuildPhase;
			buildActionMask = 2147483647;
			files = (
				DD915CF22E66CD9000EDCC91 /* Preview Assets.xcassets in Resources */,
				DD915CEF2E66CD9000EDCC91 /* Assets.xcassets in Resources */,
			);
			runOnlyForDeploymentPostprocessing = 0;
		};
/* End PBXResourcesBuildPhase section */

/* Begin PBXSourcesBuildPhase section */
		DD915CE32E66CD8900EDCC91 /* Sources */ = {
			isa = PBXSourcesBuildPhase;
			buildActionMask = 2147483647;
			files = (
				DD915D112E673F0D00EDCC91 /* TileView.swift in Sources */,
				DD915CED2E66CD8900EDCC91 /* MainView.swift in Sources */,
				DD915D152E67436600EDCC91 /* Enemy.swift in Sources */,
				DD915CFF2E66D65600EDCC91 /* GameState.swift in Sources */,
				DD915D0B2E672FE000EDCC91 /* TileType.swift in Sources */,
				DD915CEB2E66CD8900EDCC91 /* MiniDungeonApp.swift in Sources */,
				DD915D092E672FB400EDCC91 /* Tile.swift in Sources */,
				DD915D072E672F5500EDCC91 /* DungeonScheme.swift in Sources */,
				DD915D0D2E672FF900EDCC91 /* EventType.swift in Sources */,
				DD915D052E672F2C00EDCC91 /* DungeonGenerator.swift in Sources */,
				DD915CFD2E66D61D00EDCC91 /* MainViewModel.swift in Sources */,
				DD915D012E66D6BC00EDCC91 /* GameScreen.swift in Sources */,
				DD915D132E6741F700EDCC91 /* Hero.swift in Sources */,
			);
			runOnlyForDeploymentPostprocessing = 0;
		};
/* End PBXSourcesBuildPhase section */

/* Begin XCBuildConfiguration section */
		DD915CF32E66CD9000EDCC91 /* Debug */ = {
			isa = XCBuildConfiguration;
			buildSettings = {
				ALWAYS_SEARCH_USER_PATHS = NO;
				ASSETCATALOG_COMPILER_GENERATE_SWIFT_ASSET_SYMBOL_EXTENSIONS = YES;
				CLANG_ANALYZER_NONNULL = YES;
				CLANG_ANALYZER_NUMBER_OBJECT_CONVERSION = YES_AGGRESSIVE;
				CLANG_CXX_LANGUAGE_STANDARD = "gnu++20";
				CLANG_ENABLE_MODULES = YES;
				CLANG_ENABLE_OBJC_ARC = YES;
				CLANG_ENABLE_OBJC_WEAK = YES;
				CLANG_WARN_BLOCK_CAPTURE_AUTORELEASING = YES;
				CLANG_WARN_BOOL_CONVERSION = YES;
				CLANG_WARN_COMMA = YES;
				CLANG_WARN_CONSTANT_CONVERSION = YES;
				CLANG_WARN_DEPRECATED_OBJC_IMPLEMENTATIONS = YES;
				CLANG_WARN_DIRECT_OBJC_ISA_USAGE = YES_ERROR;
				CLANG_WARN_DOCUMENTATION_COMMENTS = YES;
				CLANG_WARN_EMPTY_BODY = YES;
				CLANG_WARN_ENUM_CONVERSION = YES;
				CLANG_WARN_INFINITE_RECURSION = YES;
				CLANG_WARN_INT_CONVERSION = YES;
				CLANG_WARN_NON_LITERAL_NULL_CONVERSION = YES;
				CLANG_WARN_OBJC_IMPLICIT_RETAIN_SELF = YES;
				CLANG_WARN_OBJC_LITERAL_CONVERSION = YES;
				CLANG_WARN_OBJC_ROOT_CLASS = YES_ERROR;
				CLANG_WARN_QUOTED_INCLUDE_IN_FRAMEWORK_HEADER = YES;
				CLANG_WARN_RANGE_LOOP_ANALYSIS = YES;
				CLANG_WARN_STRICT_PROTOTYPES = YES;
				CLANG_WARN_SUSPICIOUS_MOVE = YES;
				CLANG_WARN_UNGUARDED_AVAILABILITY = YES_AGGRESSIVE;
				CLANG_WARN_UNREACHABLE_CODE = YES;
				CLANG_WARN__DUPLICATE_METHOD_MATCH = YES;
				COPY_PHASE_STRIP = NO;
				DEBUG_INFORMATION_FORMAT = dwarf;
				ENABLE_STRICT_OBJC_MSGSEND = YES;
				ENABLE_TESTABILITY = YES;
				ENABLE_USER_SCRIPT_SANDBOXING = YES;
				GCC_C_LANGUAGE_STANDARD = gnu17;
				GCC_DYNAMIC_NO_PIC = NO;
				GCC_NO_COMMON_BLOCKS = YES;
				GCC_OPTIMIZATION_LEVEL = 0;
				GCC_PREPROCESSOR_DEFINITIONS = (
					"DEBUG=1",
					"$(inherited)",
				);
				GCC_WARN_64_TO_32_BIT_CONVERSION = YES;
				GCC_WARN_ABOUT_RETURN_TYPE = YES_ERROR;
				GCC_WARN_UNDECLARED_SELECTOR = YES;
				GCC_WARN_UNINITIALIZED_AUTOS = YES_AGGRESSIVE;
				GCC_WARN_UNUSED_FUNCTION = YES;
				GCC_WARN_UNUSED_VARIABLE = YES;
				IPHONEOS_DEPLOYMENT_TARGET = 17.5;
				LOCALIZATION_PREFERS_STRING_CATALOGS = YES;
				MTL_ENABLE_DEBUG_INFO = INCLUDE_SOURCE;
				MTL_FAST_MATH = YES;
				ONLY_ACTIVE_ARCH = YES;
				SDKROOT = iphoneos;
				SWIFT_ACTIVE_COMPILATION_CONDITIONS = "DEBUG $(inherited)";
				SWIFT_OPTIMIZATION_LEVEL = "-Onone";
			};
			name = Debug;
		};
		DD915CF42E66CD9000EDCC91 /* Release */ = {
			isa = XCBuildConfiguration;
			buildSettings = {
				ALWAYS_SEARCH_USER_PATHS = NO;
				ASSETCATALOG_COMPILER_GENERATE_SWIFT_ASSET_SYMBOL_EXTENSIONS = YES;
				CLANG_ANALYZER_NONNULL = YES;
				CLANG_ANALYZER_NUMBER_OBJECT_CONVERSION = YES_AGGRESSIVE;
				CLANG_CXX_LANGUAGE_STANDARD = "gnu++20";
				CLANG_ENABLE_MODULES = YES;
				CLANG_ENABLE_OBJC_ARC = YES;
				CLANG_ENABLE_OBJC_WEAK = YES;
				CLANG_WARN_BLOCK_CAPTURE_AUTORELEASING = YES;
				CLANG_WARN_BOOL_CONVERSION = YES;
				CLANG_WARN_COMMA = YES;
				CLANG_WARN_CONSTANT_CONVERSION = YES;
				CLANG_WARN_DEPRECATED_OBJC_IMPLEMENTATIONS = YES;
				CLANG_WARN_DIRECT_OBJC_ISA_USAGE = YES_ERROR;
				CLANG_WARN_DOCUMENTATION_COMMENTS = YES;
				CLANG_WARN_EMPTY_BODY = YES;
				CLANG_WARN_ENUM_CONVERSION = YES;
				CLANG_WARN_INFINITE_RECURSION = YES;
				CLANG_WARN_INT_CONVERSION = YES;
				CLANG_WARN_NON_LITERAL_NULL_CONVERSION = YES;
				CLANG_WARN_OBJC_IMPLICIT_RETAIN_SELF = YES;
				CLANG_WARN_OBJC_LITERAL_CONVERSION = YES;
				CLANG_WARN_OBJC_ROOT_CLASS = YES_ERROR;
				CLANG_WARN_QUOTED_INCLUDE_IN_FRAMEWORK_HEADER = YES;
				CLANG_WARN_RANGE_LOOP_ANALYSIS = YES;
				CLANG_WARN_STRICT_PROTOTYPES = YES;
				CLANG_WARN_SUSPICIOUS_MOVE = YES;
				CLANG_WARN_UNGUARDED_AVAILABILITY = YES_AGGRESSIVE;
				CLANG_WARN_UNREACHABLE_CODE = YES;
				CLANG_WARN__DUPLICATE_METHOD_MATCH = YES;
				COPY_PHASE_STRIP = NO;
				DEBUG_INFORMATION_FORMAT = "dwarf-with-dsym";
				ENABLE_NS_ASSERTIONS = NO;
				ENABLE_STRICT_OBJC_MSGSEND = YES;
				ENABLE_USER_SCRIPT_SANDBOXING = YES;
				GCC_C_LANGUAGE_STANDARD = gnu17;
				GCC_NO_COMMON_BLOCKS = YES;
				GCC_WARN_64_TO_32_BIT_CONVERSION = YES;
				GCC_WARN_ABOUT_RETURN_TYPE = YES_ERROR;
				GCC_WARN_UNDECLARED_SELECTOR = YES;
				GCC_WARN_UNINITIALIZED_AUTOS = YES_AGGRESSIVE;
				GCC_WARN_UNUSED_FUNCTION = YES;
				GCC_WARN_UNUSED_VARIABLE = YES;
				IPHONEOS_DEPLOYMENT_TARGET = 17.5;
				LOCALIZATION_PREFERS_STRING_CATALOGS = YES;
				MTL_ENABLE_DEBUG_INFO = NO;
				MTL_FAST_MATH = YES;
				SDKROOT = iphoneos;
				SWIFT_COMPILATION_MODE = wholemodule;
				VALIDATE_PRODUCT = YES;
			};
			name = Release;
		};
		DD915CF62E66CD9000EDCC91 /* Debug */ = {
			isa = XCBuildConfiguration;
			buildSettings = {
				ASSETCATALOG_COMPILER_APPICON_NAME = AppIcon;
				ASSETCATALOG_COMPILER_GLOBAL_ACCENT_COLOR_NAME = AccentColor;
				CODE_SIGN_STYLE = Automatic;
				CURRENT_PROJECT_VERSION = 1;
				DEVELOPMENT_ASSET_PATHS = "\"MiniDungeon/Preview Content\"";
				DEVELOPMENT_TEAM = 7YW3V66545;
				ENABLE_PREVIEWS = YES;
				GENERATE_INFOPLIST_FILE = YES;
				INFOPLIST_KEY_UIApplicationSceneManifest_Generation = YES;
				INFOPLIST_KEY_UIApplicationSupportsIndirectInputEvents = YES;
				INFOPLIST_KEY_UILaunchScreen_Generation = YES;
				INFOPLIST_KEY_UISupportedInterfaceOrientations_iPad = "UIInterfaceOrientationPortrait UIInterfaceOrientationPortraitUpsideDown UIInterfaceOrientationLandscapeLeft UIInterfaceOrientationLandscapeRight";
				INFOPLIST_KEY_UISupportedInterfaceOrientations_iPhone = "UIInterfaceOrientationPortrait UIInterfaceOrientationLandscapeLeft UIInterfaceOrientationLandscapeRight";
				LD_RUNPATH_SEARCH_PATHS = (
					"$(inherited)",
					"@executable_path/Frameworks",
				);
				MARKETING_VERSION = 1.0;
				PRODUCT_BUNDLE_IDENTIFIER = HieroniusTeam.MiniDungeon;
				PRODUCT_NAME = "$(TARGET_NAME)";
				SWIFT_EMIT_LOC_STRINGS = YES;
				SWIFT_VERSION = 5.0;
				TARGETED_DEVICE_FAMILY = "1,2";
			};
			name = Debug;
		};
		DD915CF72E66CD9000EDCC91 /* Release */ = {
			isa = XCBuildConfiguration;
			buildSettings = {
				ASSETCATALOG_COMPILER_APPICON_NAME = AppIcon;
				ASSETCATALOG_COMPILER_GLOBAL_ACCENT_COLOR_NAME = AccentColor;
				CODE_SIGN_STYLE = Automatic;
				CURRENT_PROJECT_VERSION = 1;
				DEVELOPMENT_ASSET_PATHS = "\"MiniDungeon/Preview Content\"";
				DEVELOPMENT_TEAM = 7YW3V66545;
				ENABLE_PREVIEWS = YES;
				GENERATE_INFOPLIST_FILE = YES;
				INFOPLIST_KEY_UIApplicationSceneManifest_Generation = YES;
				INFOPLIST_KEY_UIApplicationSupportsIndirectInputEvents = YES;
				INFOPLIST_KEY_UILaunchScreen_Generation = YES;
				INFOPLIST_KEY_UISupportedInterfaceOrientations_iPad = "UIInterfaceOrientationPortrait UIInterfaceOrientationPortraitUpsideDown UIInterfaceOrientationLandscapeLeft UIInterfaceOrientationLandscapeRight";
				INFOPLIST_KEY_UISupportedInterfaceOrientations_iPhone = "UIInterfaceOrientationPortrait UIInterfaceOrientationLandscapeLeft UIInterfaceOrientationLandscapeRight";
				LD_RUNPATH_SEARCH_PATHS = (
					"$(inherited)",
					"@executable_path/Frameworks",
				);
				MARKETING_VERSION = 1.0;
				PRODUCT_BUNDLE_IDENTIFIER = HieroniusTeam.MiniDungeon;
				PRODUCT_NAME = "$(TARGET_NAME)";
				SWIFT_EMIT_LOC_STRINGS = YES;
				SWIFT_VERSION = 5.0;
				TARGETED_DEVICE_FAMILY = "1,2";
			};
			name = Release;
		};
/* End XCBuildConfiguration section */

/* Begin XCConfigurationList section */
		DD915CE22E66CD8900EDCC91 /* Build configuration list for PBXProject "MiniDungeon" */ = {
			isa = XCConfigurationList;
			buildConfigurations = (
				DD915CF32E66CD9000EDCC91 /* Debug */,
				DD915CF42E66CD9000EDCC91 /* Release */,
			);
			defaultConfigurationIsVisible = 0;
			defaultConfigurationName = Release;
		};
		DD915CF52E66CD9000EDCC91 /* Build configuration list for PBXNativeTarget "MiniDungeon" */ = {
			isa = XCConfigurationList;
			buildConfigurations = (
				DD915CF62E66CD9000EDCC91 /* Debug */,
				DD915CF72E66CD9000EDCC91 /* Release */,
			);
			defaultConfigurationIsVisible = 0;
			defaultConfigurationName = Release;
		};
/* End XCConfigurationList section */
	};
	rootObject = DD915CDF2E66CD8900EDCC91 /* Project object */;
}
